Microsoft Visual Studio Solution File, Format Version 12.00
# Visual Studio Version 17
VisualStudioVersion = 17.5.2.0
MinimumVisualStudioVersion = 10.0.40219.1
Project("{FAE04EC0-301F-11D3-BF4B-00C04F79EFBC}") = "VacationPlanner", "VacationPlanner.csproj", "{295B188C-947D-6B5A-546F-7C48F420ABD2}"
EndProject
Global
	GlobalSection(SolutionConfigurationPlatforms) = preSolution
		Debug|Any CPU = Debug|Any CPU
		Release|Any CPU = Release|Any CPU
	EndGlobalSection
	GlobalSection(ProjectConfigurationPlatforms) = postSolution
		{295B188C-947D-6B5A-546F-7C48F420ABD2}.Debug|Any CPU.ActiveCfg = Debug|Any CPU
		{295B188C-947D-6B5A-546F-7C48F420ABD2}.Debug|Any CPU.Build.0 = Debug|Any CPU
		{295B188C-947D-6B5A-546F-7C48F420ABD2}.Release|Any CPU.ActiveCfg = Release|Any CPU
		{295B188C-947D-6B5A-546F-7C48F420ABD2}.Release|Any CPU.Build.0 = Release|Any CPU
	EndGlobalSection
	GlobalSection(SolutionProperties) = preSolution
		HideSolutionNode = FALSE
	EndGlobalSection
	GlobalSection(ExtensibilityGlobals) = postSolution
		SolutionGuid = {249672F0-393D-43D0-974E-6FA5ECEA4C3F}
	EndGlobalSection
EndGlobal
